
Microsoft Visual Studio Solution File, Format Version 12.00
# Visual Studio Version 17
VisualStudioVersion = 17.3.32825.248
MinimumVisualStudioVersion = 10.0.40219.1
Project("{2150E333-8FDC-42A3-9474-1A3956D46DE8}") = "src", "src", "{871E2EF1-E833-4247-B770-63182B37111F}"
EndProject
Project("{2150E333-8FDC-42A3-9474-1A3956D46DE8}") = "Core", "Core", "{F7FFB684-2805-4FDC-BA7A-FF0C0D46265E}"
EndProject
Project("{FAE04EC0-301F-11D3-BF4B-00C04F79EFBC}") = "ProductApp.Domain", "src\Core\ProductApp.Domain\ProductApp.Domain.csproj", "{31FD7488-EF3E-4EEF-847D-8D8C2A340DE1}"
EndProject
Global
	GlobalSection(SolutionConfigurationPlatforms) = preSolution
		Debug|Any CPU = Debug|Any CPU
		Release|Any CPU = Release|Any CPU
	EndGlobalSection
	GlobalSection(ProjectConfigurationPlatforms) = postSolution
		{31FD7488-EF3E-4EEF-847D-8D8C2A340DE1}.Debug|Any CPU.ActiveCfg = Debug|Any CPU
		{31FD7488-EF3E-4EEF-847D-8D8C2A340DE1}.Debug|Any CPU.Build.0 = Debug|Any CPU
		{31FD7488-EF3E-4EEF-847D-8D8C2A340DE1}.Release|Any CPU.ActiveCfg = Release|Any CPU
		{31FD7488-EF3E-4EEF-847D-8D8C2A340DE1}.Release|Any CPU.Build.0 = Release|Any CPU
	EndGlobalSection
	GlobalSection(SolutionProperties) = preSolution
		HideSolutionNode = FALSE
	EndGlobalSection
	GlobalSection(NestedProjects) = preSolution
		{F7FFB684-2805-4FDC-BA7A-FF0C0D46265E} = {871E2EF1-E833-4247-B770-63182B37111F}
		{31FD7488-EF3E-4EEF-847D-8D8C2A340DE1} = {F7FFB684-2805-4FDC-BA7A-FF0C0D46265E}
	EndGlobalSection
	GlobalSection(ExtensibilityGlobals) = postSolution
		SolutionGuid = {AA6AB329-FDB6-40BC-ADAE-0F74FCBFBB2A}
	EndGlobalSection
EndGlobal
